
Microsoft Visual Studio Solution File, Format Version 12.00
# Visual Studio Version 16
VisualStudioVersion = 16.0.30503.244
MinimumVisualStudioVersion = 10.0.40219.1
Project("{FAE04EC0-301F-11D3-BF4B-00C04F79EFBC}") = "Address_Book", "Address_Book\Address_Book.csproj", "{F8E1BE64-5291-48E1-92C1-FC2F1305220F}"
EndProject
Global
	GlobalSection(SolutionConfigurationPlatforms) = preSolution
		Debug|Any CPU = Debug|Any CPU
		Release|Any CPU = Release|Any CPU
	EndGlobalSection
	GlobalSection(ProjectConfigurationPlatforms) = postSolution
		{F8E1BE64-5291-48E1-92C1-FC2F1305220F}.Debug|Any CPU.ActiveCfg = Debug|Any CPU
		{F8E1BE64-5291-48E1-92C1-FC2F1305220F}.Debug|Any CPU.Build.0 = Debug|Any CPU
		{F8E1BE64-5291-48E1-92C1-FC2F1305220F}.Release|Any CPU.ActiveCfg = Release|Any CPU
		{F8E1BE64-5291-48E1-92C1-FC2F1305220F}.Release|Any CPU.Build.0 = Release|Any CPU
	EndGlobalSection
	GlobalSection(SolutionProperties) = preSolution
		HideSolutionNode = FALSE
	EndGlobalSection
	GlobalSection(ExtensibilityGlobals) = postSolution
		SolutionGuid = {8F9840E0-9CC2-4F5F-BB00-6AB23F5B9CF9}
	EndGlobalSection
EndGlobal
